
Microsoft Visual Studio Solution File, Format Version 12.00
# Visual Studio Version 17
VisualStudioVersion = 17.5.33502.453
MinimumVisualStudioVersion = 10.0.40219.1
Project("{8BC9CEB8-8B4A-11D0-8D11-00A0C91BC942}") = "189_Pointer", "189_Pointer\189_Pointer.vcxproj", "{A4C0075F-2006-4BA5-8C14-E78E23E548ED}"
EndProject
Project("{8BC9CEB8-8B4A-11D0-8D11-00A0C91BC942}") = "189_Pointer 2", "189_Pointer 2\189_Pointer 2.vcxproj", "{C3C05F86-B094-48CA-931A-37411AD53AF8}"
EndProject
Project("{8BC9CEB8-8B4A-11D0-8D11-00A0C91BC942}") = "Pointer 3", "Pointer 3\Pointer 3.vcxproj", "{1BA5585D-F96D-438A-B579-9782469FA320}"
EndProject
Project("{8BC9CEB8-8B4A-11D0-8D11-00A0C91BC942}") = "Pointer 4", "Pointer 4\Pointer 4.vcxproj", "{32133B17-E023-4368-938A-2175A86FF0AE}"
EndProject
Project("{8BC9CEB8-8B4A-11D0-8D11-00A0C91BC942}") = "Friend class 1", "friend class 3\friend class 3.vcxproj", "{9876662E-ACB9-483E-8ECD-09A27D16E0AD}"
EndProject
Global
	GlobalSection(SolutionConfigurationPlatforms) = preSolution
		Debug|x64 = Debug|x64
		Debug|x86 = Debug|x86
		Release|x64 = Release|x64
		Release|x86 = Release|x86
	EndGlobalSection
	GlobalSection(ProjectConfigurationPlatforms) = postSolution
		{A4C0075F-2006-4BA5-8C14-E78E23E548ED}.Debug|x64.ActiveCfg = Debug|x64
		{A4C0075F-2006-4BA5-8C14-E78E23E548ED}.Debug|x64.Build.0 = Debug|x64
		{A4C0075F-2006-4BA5-8C14-E78E23E548ED}.Debug|x86.ActiveCfg = Debug|Win32
		{A4C0075F-2006-4BA5-8C14-E78E23E548ED}.Debug|x86.Build.0 = Debug|Win32
		{A4C0075F-2006-4BA5-8C14-E78E23E548ED}.Release|x64.ActiveCfg = Release|x64
		{A4C0075F-2006-4BA5-8C14-E78E23E548ED}.Release|x64.Build.0 = Release|x64
		{A4C0075F-2006-4BA5-8C14-E78E23E548ED}.Release|x86.ActiveCfg = Release|Win32
		{A4C0075F-2006-4BA5-8C14-E78E23E548ED}.Release|x86.Build.0 = Release|Win32
		{C3C05F86-B094-48CA-931A-37411AD53AF8}.Debug|x64.ActiveCfg = Debug|x64
		{C3C05F86-B094-48CA-931A-37411AD53AF8}.Debug|x64.Build.0 = Debug|x64
		{C3C05F86-B094-48CA-931A-37411AD53AF8}.Debug|x86.ActiveCfg = Debug|Win32
		{C3C05F86-B094-48CA-931A-37411AD53AF8}.Debug|x86.Build.0 = Debug|Win32
		{C3C05F86-B094-48CA-931A-37411AD53AF8}.Release|x64.ActiveCfg = Release|x64
		{C3C05F86-B094-48CA-931A-37411AD53AF8}.Release|x64.Build.0 = Release|x64
		{C3C05F86-B094-48CA-931A-37411AD53AF8}.Release|x86.ActiveCfg = Release|Win32
		{C3C05F86-B094-48CA-931A-37411AD53AF8}.Release|x86.Build.0 = Release|Win32
		{1BA5585D-F96D-438A-B579-9782469FA320}.Debug|x64.ActiveCfg = Debug|x64
		{1BA5585D-F96D-438A-B579-9782469FA320}.Debug|x64.Build.0 = Debug|x64
		{1BA5585D-F96D-438A-B579-9782469FA320}.Debug|x86.ActiveCfg = Debug|Win32
		{1BA5585D-F96D-438A-B579-9782469FA320}.Debug|x86.Build.0 = Debug|Win32
		{1BA5585D-F96D-438A-B579-9782469FA320}.Release|x64.ActiveCfg = Release|x64
		{1BA5585D-F96D-438A-B579-9782469FA320}.Release|x64.Build.0 = Release|x64
		{1BA5585D-F96D-438A-B579-9782469FA320}.Release|x86.ActiveCfg = Release|Win32
		{1BA5585D-F96D-438A-B579-9782469FA320}.Release|x86.Build.0 = Release|Win32
		{32133B17-E023-4368-938A-2175A86FF0AE}.Debug|x64.ActiveCfg = Debug|x64
		{32133B17-E023-4368-938A-2175A86FF0AE}.Debug|x64.Build.0 = Debug|x64
		{32133B17-E023-4368-938A-2175A86FF0AE}.Debug|x86.ActiveCfg = Debug|Win32
		{32133B17-E023-4368-938A-2175A86FF0AE}.Debug|x86.Build.0 = Debug|Win32
		{32133B17-E023-4368-938A-2175A86FF0AE}.Release|x64.ActiveCfg = Release|x64
		{32133B17-E023-4368-938A-2175A86FF0AE}.Release|x64.Build.0 = Release|x64
		{32133B17-E023-4368-938A-2175A86FF0AE}.Release|x86.ActiveCfg = Release|Win32
		{32133B17-E023-4368-938A-2175A86FF0AE}.Release|x86.Build.0 = Release|Win32
		{9876662E-ACB9-483E-8ECD-09A27D16E0AD}.Debug|x64.ActiveCfg = Debug|x64
		{9876662E-ACB9-483E-8ECD-09A27D16E0AD}.Debug|x64.Build.0 = Debug|x64
		{9876662E-ACB9-483E-8ECD-09A27D16E0AD}.Debug|x86.ActiveCfg = Debug|Win32
		{9876662E-ACB9-483E-8ECD-09A27D16E0AD}.Debug|x86.Build.0 = Debug|Win32
		{9876662E-ACB9-483E-8ECD-09A27D16E0AD}.Release|x64.ActiveCfg = Release|x64
		{9876662E-ACB9-483E-8ECD-09A27D16E0AD}.Release|x64.Build.0 = Release|x64
		{9876662E-ACB9-483E-8ECD-09A27D16E0AD}.Release|x86.ActiveCfg = Release|Win32
		{9876662E-ACB9-483E-8ECD-09A27D16E0AD}.Release|x86.Build.0 = Release|Win32
	EndGlobalSection
	GlobalSection(SolutionProperties) = preSolution
		HideSolutionNode = FALSE
	EndGlobalSection
	GlobalSection(ExtensibilityGlobals) = postSolution
		SolutionGuid = {9B701AB7-F8EB-4A89-9790-CF46F49BE32A}
	EndGlobalSection
EndGlobal
